
Microsoft Visual Studio Solution File, Format Version 12.00
# Visual Studio Version 17
VisualStudioVersion = 17.6.33829.357
MinimumVisualStudioVersion = 10.0.40219.1
Project("{FAE04EC0-301F-11D3-BF4B-00C04F79EFBC}") = "WebApiMongoDB", "WebApiMongoDB\WebApiMongoDB.csproj", "{B61E451B-ADB8-4E7D-BE24-BB214566DB2F}"
EndProject
Global
	GlobalSection(SolutionConfigurationPlatforms) = preSolution
		Debug|Any CPU = Debug|Any CPU
		Release|Any CPU = Release|Any CPU
	EndGlobalSection
	GlobalSection(ProjectConfigurationPlatforms) = postSolution
		{B61E451B-ADB8-4E7D-BE24-BB214566DB2F}.Debug|Any CPU.ActiveCfg = Debug|Any CPU
		{B61E451B-ADB8-4E7D-BE24-BB214566DB2F}.Debug|Any CPU.Build.0 = Debug|Any CPU
		{B61E451B-ADB8-4E7D-BE24-BB214566DB2F}.Release|Any CPU.ActiveCfg = Release|Any CPU
		{B61E451B-ADB8-4E7D-BE24-BB214566DB2F}.Release|Any CPU.Build.0 = Release|Any CPU
	EndGlobalSection
	GlobalSection(SolutionProperties) = preSolution
		HideSolutionNode = FALSE
	EndGlobalSection
	GlobalSection(ExtensibilityGlobals) = postSolution
		SolutionGuid = {7857A3FB-C295-4752-A3EA-EC5319C3F288}
	EndGlobalSection
EndGlobal
